github.com/loov/hrtime v1.0.3 h1:LiWKU3B9skJwRPUf0Urs9+0+OE3TxdMuiRPOTwR0gcU=
github.com/loov/hrtime v1.0.3/go.mod h1:yDY3Pwv2izeY4sq7YcPX/dtLwzg5NU1AxWuWxKwd0p0=
github.com/veandco/go-sdl2 v0.4.25 h1:J5ac3KKOccp/0xGJA1PaNYKPUcZm19IxhDGs8lJofPI=
github.com/veandco/go-sdl2 v0.4.25/go.mod h1:OROqMhHD43nT4/i9crJukyVecjPNYYuCofep6SNiAjY=
